
Microsoft Visual Studio Solution File, Format Version 12.00
# Visual Studio Version 17
VisualStudioVersion = 17.0.31903.59
MinimumVisualStudioVersion = 10.0.40219.1
Project("{FAE04EC0-301F-11D3-BF4B-00C04F79EFBC}") = "NetSentinel", "NetSentinel\NetSentinel.csproj", "{14752DCA-374A-433A-979B-1716142139B7}"
EndProject
Project("{FAE04EC0-301F-11D3-BF4B-00C04F79EFBC}") = "NetSentinel.Core", "NetSentinel.Core\NetSentinel.Core.csproj", "{FD841A66-2575-4B94-ADEC-FD7516FC690A}"
EndProject
Global
	GlobalSection(SolutionConfigurationPlatforms) = preSolution
		Debug|Any CPU = Debug|Any CPU
		Release|Any CPU = Release|Any CPU
	EndGlobalSection
	GlobalSection(SolutionProperties) = preSolution
		HideSolutionNode = FALSE
	EndGlobalSection
	GlobalSection(ProjectConfigurationPlatforms) = postSolution
		{14752DCA-374A-433A-979B-1716142139B7}.Debug|Any CPU.ActiveCfg = Debug|Any CPU
		{14752DCA-374A-433A-979B-1716142139B7}.Debug|Any CPU.Build.0 = Debug|Any CPU
		{14752DCA-374A-433A-979B-1716142139B7}.Release|Any CPU.ActiveCfg = Release|Any CPU
		{14752DCA-374A-433A-979B-1716142139B7}.Release|Any CPU.Build.0 = Release|Any CPU
		{FD841A66-2575-4B94-ADEC-FD7516FC690A}.Debug|Any CPU.ActiveCfg = Debug|Any CPU
		{FD841A66-2575-4B94-ADEC-FD7516FC690A}.Debug|Any CPU.Build.0 = Debug|Any CPU
		{FD841A66-2575-4B94-ADEC-FD7516FC690A}.Release|Any CPU.ActiveCfg = Release|Any CPU
		{FD841A66-2575-4B94-ADEC-FD7516FC690A}.Release|Any CPU.Build.0 = Release|Any CPU
	EndGlobalSection
EndGlobal
